
Microsoft Visual Studio Solution File, Format Version 12.00
# Visual Studio 2013
VisualStudioVersion = 12.0.21005.1
MinimumVisualStudioVersion = 10.0.40219.1
Project("{FAE04EC0-301F-11D3-BF4B-00C04F79EFBC}") = "SFDBK_Web_Estable", "SFDBK_Web_Estable\SFDBK_Web_Estable.csproj", "{7B06834A-84AE-4CE5-8B46-1CB2A91AF6DA}"
EndProject
Global
	GlobalSection(SolutionConfigurationPlatforms) = preSolution
		Debug|Any CPU = Debug|Any CPU
		Release|Any CPU = Release|Any CPU
	EndGlobalSection
	GlobalSection(ProjectConfigurationPlatforms) = postSolution
		{7B06834A-84AE-4CE5-8B46-1CB2A91AF6DA}.Debug|Any CPU.ActiveCfg = Debug|Any CPU
		{7B06834A-84AE-4CE5-8B46-1CB2A91AF6DA}.Debug|Any CPU.Build.0 = Debug|Any CPU
		{7B06834A-84AE-4CE5-8B46-1CB2A91AF6DA}.Release|Any CPU.ActiveCfg = Release|Any CPU
		{7B06834A-84AE-4CE5-8B46-1CB2A91AF6DA}.Release|Any CPU.Build.0 = Release|Any CPU
	EndGlobalSection
	GlobalSection(SolutionProperties) = preSolution
		HideSolutionNode = FALSE
	EndGlobalSection
EndGlobal
